<?xml version="1.0" encoding="UTF-8"?>
<Scheme
   version = "1.3">
   <BuildAction>
      <BuildActionEntries>
         <BuildActionEntry
            buildForRunning = "YES">
            <BuildableReference
               BuildableIdentifier = "primary"
               BlueprintIdentifier = "172EDC5A1EE7C4B30060C33C"
               BuildableName = "CrossGuide.app"
               BlueprintName = "CrossGuide"
               ReferencedContainer = "container:CrossGuide.xcodeproj">
            </BuildableReference>
         </BuildActionEntry>
      </BuildActionEntries>
   </BuildAction>
   <LaunchAction
      useCustomWorkingDirectory = "NO"
      buildConfiguration = "Debug">
      <BuildableProductRunnable>
         <BuildableReference
            BuildableIdentifier = "primary"
            BlueprintIdentifier = "172EDC5A1EE7C4B30060C33C"
            BuildableName = "CrossGuide.app"
            BlueprintName = "CrossGuide"
            ReferencedContainer = "container:CrossGuide.xcodeproj">
         </BuildableReference>
      </BuildableProductRunnable>
   </LaunchAction>
</Scheme>
