// !$*UTF8*$!
{
	archiveVersion = 1;
	classes = {
	};
	objectVersion = 46;
	objects = {

/* Begin PBXBuildFile section */
		172EDC5F1EE7C4B30060C33C /* AppDelegate.swift in Sources */ = {isa = PBXBuildFile; fileRef = 172EDC5E1EE7C4B30060C33C /* AppDelegate.swift */; };
		172EDC611EE7C4B30060C33C /* ViewController.swift in Sources */ = {isa = PBXBuildFile; fileRef = 172EDC601EE7C4B30060C33C /* ViewController.swift */; };
		172EDC641EE7C4B30060C33C /* Main.storyboard in Resources */ = {isa = PBXBuildFile; fileRef = 172EDC621EE7C4B30060C33C /* Main.storyboard */; };
		172EDC661EE7C4B30060C33C /* Assets.xcassets in Resources */ = {isa = PBXBuildFile; fileRef = 172EDC651EE7C4B30060C33C /* Assets.xcassets */; };
		172EDC691EE7C4B30060C33C /* LaunchScreen.storyboard in Resources */ = {isa = PBXBuildFile; fileRef = 172EDC671EE7C4B30060C33C /* LaunchScreen.storyboard */; };
		172EDC8B1EE7C9F60060C33C /* BatchNorm.swift in Sources */ = {isa = PBXBuildFile; fileRef = 172EDC841EE7C9F60060C33C /* BatchNorm.swift */; };
		172EDC8C1EE7C9F60060C33C /* Convolution.swift in Sources */ = {isa = PBXBuildFile; fileRef = 172EDC851EE7C9F60060C33C /* Convolution.swift */; };
		172EDC8D1EE7C9F60060C33C /* CrossGuideNet.swift in Sources */ = {isa = PBXBuildFile; fileRef = 172EDC861EE7C9F60060C33C /* CrossGuideNet.swift */; };
		172EDC8E1EE7C9F60060C33C /* Helper.swift in Sources */ = {isa = PBXBuildFile; fileRef = 172EDC871EE7C9F60060C33C /* Helper.swift */; };
		172EDC8F1EE7C9F60060C33C /* IO.swift in Sources */ = {isa = PBXBuildFile; fileRef = 172EDC881EE7C9F60060C33C /* IO.swift */; };
		172EDC901EE7C9F60060C33C /* Shaders.metal in Sources */ = {isa = PBXBuildFile; fileRef = 172EDC891EE7C9F60060C33C /* Shaders.metal */; };
		172EDC911EE7C9F60060C33C /* UpscaleAdd.swift in Sources */ = {isa = PBXBuildFile; fileRef = 172EDC8A1EE7C9F60060C33C /* UpscaleAdd.swift */; };
		BF02BCB21EED8A3700330C2B /* portrait in Resources */ = {isa = PBXBuildFile; fileRef = BF02BCB11EED8A3700330C2B /* portrait */; };
		BF02BCB41EEDA12000330C2B /* landscape in Resources */ = {isa = PBXBuildFile; fileRef = BF02BCB31EEDA12000330C2B /* landscape */; };
		BF6AF6A21EE8555E00E5A8AC /* Dense.swift in Sources */ = {isa = PBXBuildFile; fileRef = BF6AF6A11EE8555E00E5A8AC /* Dense.swift */; };
		D001E0C61EEA3A7300F466E5 /* AdjustService.swift in Sources */ = {isa = PBXBuildFile; fileRef = D001E0C51EEA3A7300F466E5 /* AdjustService.swift */; };
		D001E0C81EEA3ACA00F466E5 /* SpeechService.swift in Sources */ = {isa = PBXBuildFile; fileRef = D001E0C71EEA3ACA00F466E5 /* SpeechService.swift */; };
		D001E0CA1EEA50C500F466E5 /* SettingViewController.swift in Sources */ = {isa = PBXBuildFile; fileRef = D001E0C91EEA50C500F466E5 /* SettingViewController.swift */; };
/* End PBXBuildFile section */

/* Begin PBXFileReference section */
		172EDC5B1EE7C4B30060C33C /* CrossGuide.app */ = {isa = PBXFileReference; explicitFileType = wrapper.application; includeInIndex = 0; path = CrossGuide.app; sourceTree = BUILT_PRODUCTS_DIR; };
		172EDC5E1EE7C4B30060C33C /* AppDelegate.swift */ = {isa = PBXFileReference; lastKnownFileType = sourcecode.swift; path = AppDelegate.swift; sourceTree = "<group>"; };
		172EDC601EE7C4B30060C33C /* ViewController.swift */ = {isa = PBXFileReference; lastKnownFileType = sourcecode.swift; path = ViewController.swift; sourceTree = "<group>"; };
		172EDC631EE7C4B30060C33C /* Base */ = {isa = PBXFileReference; lastKnownFileType = file.storyboard; name = Base; path = Base.lproj/Main.storyboard; sourceTree = "<group>"; };
		172EDC651EE7C4B30060C33C /* Assets.xcassets */ = {isa = PBXFileReference; lastKnownFileType = folder.assetcatalog; path = Assets.xcassets; sourceTree = "<group>"; };
		172EDC681EE7C4B30060C33C /* Base */ = {isa = PBXFileReference; lastKnownFileType = file.storyboard; name = Base; path = Base.lproj/LaunchScreen.storyboard; sourceTree = "<group>"; };
		172EDC6A1EE7C4B30060C33C /* Info.plist */ = {isa = PBXFileReference; lastKnownFileType = text.plist.xml; path = Info.plist; sourceTree = "<group>"; };
		172EDC841EE7C9F60060C33C /* BatchNorm.swift */ = {isa = PBXFileReference; fileEncoding = 4; lastKnownFileType = sourcecode.swift; path = BatchNorm.swift; sourceTree = "<group>"; };
		172EDC851EE7C9F60060C33C /* Convolution.swift */ = {isa = PBXFileReference; fileEncoding = 4; lastKnownFileType = sourcecode.swift; path = Convolution.swift; sourceTree = "<group>"; };
		172EDC861EE7C9F60060C33C /* CrossGuideNet.swift */ = {isa = PBXFileReference; fileEncoding = 4; lastKnownFileType = sourcecode.swift; path = CrossGuideNet.swift; sourceTree = "<group>"; };
		172EDC871EE7C9F60060C33C /* Helper.swift */ = {isa = PBXFileReference; fileEncoding = 4; lastKnownFileType = sourcecode.swift; path = Helper.swift; sourceTree = "<group>"; };
		172EDC881EE7C9F60060C33C /* IO.swift */ = {isa = PBXFileReference; fileEncoding = 4; lastKnownFileType = sourcecode.swift; path = IO.swift; sourceTree = "<group>"; };
		172EDC891EE7C9F60060C33C /* Shaders.metal */ = {isa = PBXFileReference; fileEncoding = 4; lastKnownFileType = sourcecode.metal; path = Shaders.metal; sourceTree = "<group>"; };
		172EDC8A1EE7C9F60060C33C /* UpscaleAdd.swift */ = {isa = PBXFileReference; fileEncoding = 4; lastKnownFileType = sourcecode.swift; path = UpscaleAdd.swift; sourceTree = "<group>"; };
		BF02BCB11EED8A3700330C2B /* portrait */ = {isa = PBXFileReference; lastKnownFileType = folder; path = portrait; sourceTree = "<group>"; };
		BF02BCB31EEDA12000330C2B /* landscape */ = {isa = PBXFileReference; lastKnownFileType = folder; path = landscape; sourceTree = "<group>"; };
		BF6AF6A11EE8555E00E5A8AC /* Dense.swift */ = {isa = PBXFileReference; fileEncoding = 4; lastKnownFileType = sourcecode.swift; path = Dense.swift; sourceTree = "<group>"; };
		D001E0C51EEA3A7300F466E5 /* AdjustService.swift */ = {isa = PBXFileReference; fileEncoding = 4; lastKnownFileType = sourcecode.swift; path = AdjustService.swift; sourceTree = "<group>"; };
		D001E0C71EEA3ACA00F466E5 /* SpeechService.swift */ = {isa = PBXFileReference; fileEncoding = 4; lastKnownFileType = sourcecode.swift; path = SpeechService.swift; sourceTree = "<group>"; };
		D001E0C91EEA50C500F466E5 /* SettingViewController.swift */ = {isa = PBXFileReference; fileEncoding = 4; lastKnownFileType = sourcecode.swift; path = SettingViewController.swift; sourceTree = "<group>"; };
/* End PBXFileReference section */

/* Begin PBXFrameworksBuildPhase section */
		172EDC581EE7C4B30060C33C /* Frameworks */ = {
			isa = PBXFrameworksBuildPhase;
			buildActionMask = 2147483647;
			files = (
			);
			runOnlyForDeploymentPostprocessing = 0;
		};
/* End PBXFrameworksBuildPhase section */

/* Begin PBXGroup section */
		172EDC521EE7C4B30060C33C = {
			isa = PBXGroup;
			children = (
				172EDC5D1EE7C4B30060C33C /* CrossGuide */,
				172EDC5C1EE7C4B30060C33C /* Products */,
			);
			sourceTree = "<group>";
		};
		172EDC5C1EE7C4B30060C33C /* Products */ = {
			isa = PBXGroup;
			children = (
				172EDC5B1EE7C4B30060C33C /* CrossGuide.app */,
			);
			name = Products;
			sourceTree = "<group>";
		};
		172EDC5D1EE7C4B30060C33C /* CrossGuide */ = {
			isa = PBXGroup;
			children = (
				BFA04F791EE911EE002A8376 /* weights */,
				172EDC831EE7C9F60060C33C /* MetalNN */,
				172EDC5E1EE7C4B30060C33C /* AppDelegate.swift */,
				172EDC601EE7C4B30060C33C /* ViewController.swift */,
				D001E0C51EEA3A7300F466E5 /* AdjustService.swift */,
				D001E0C71EEA3ACA00F466E5 /* SpeechService.swift */,
				D001E0C91EEA50C500F466E5 /* SettingViewController.swift */,
				172EDC621EE7C4B30060C33C /* Main.storyboard */,
				172EDC651EE7C4B30060C33C /* Assets.xcassets */,
				172EDC671EE7C4B30060C33C /* LaunchScreen.storyboard */,
				172EDC6A1EE7C4B30060C33C /* Info.plist */,
			);
			path = CrossGuide;
			sourceTree = "<group>";
		};
		172EDC831EE7C9F60060C33C /* MetalNN */ = {
			isa = PBXGroup;
			children = (
				BF6AF6A11EE8555E00E5A8AC /* Dense.swift */,
				172EDC841EE7C9F60060C33C /* BatchNorm.swift */,
				172EDC851EE7C9F60060C33C /* Convolution.swift */,
				172EDC861EE7C9F60060C33C /* CrossGuideNet.swift */,
				172EDC871EE7C9F60060C33C /* Helper.swift */,
				172EDC881EE7C9F60060C33C /* IO.swift */,
				172EDC891EE7C9F60060C33C /* Shaders.metal */,
				172EDC8A1EE7C9F60060C33C /* UpscaleAdd.swift */,
			);
			path = MetalNN;
			sourceTree = "<group>";
		};
		BFA04F791EE911EE002A8376 /* weights */ = {
			isa = PBXGroup;
			children = (
				BF02BCB31EEDA12000330C2B /* landscape */,
				BF02BCB11EED8A3700330C2B /* portrait */,
			);
			path = weights;
			sourceTree = "<group>";
		};
/* End PBXGroup section */

/* Begin PBXNativeTarget section */
		172EDC5A1EE7C4B30060C33C /* CrossGuide */ = {
			isa = PBXNativeTarget;
			buildConfigurationList = 172EDC6D1EE7C4B30060C33C /* Build configuration list for PBXNativeTarget "CrossGuide" */;
			buildPhases = (
				172EDC571EE7C4B30060C33C /* Sources */,
				172EDC581EE7C4B30060C33C /* Frameworks */,
				172EDC591EE7C4B30060C33C /* Resources */,
			);
			buildRules = (
			);
			dependencies = (
			);
			name = CrossGuide;
			productName = CrossGuide;
			productReference = 172EDC5B1EE7C4B30060C33C /* CrossGuide.app */;
			productType = "com.apple.product-type.application";
		};
/* End PBXNativeTarget section */

/* Begin PBXProject section */
		172EDC531EE7C4B30060C33C /* Project object */ = {
			isa = PBXProject;
			attributes = {
				LastSwiftUpdateCheck = 0830;
				LastUpgradeCheck = 0830;
				ORGANIZATIONNAME = Ruoyu;
				TargetAttributes = {
					172EDC5A1EE7C4B30060C33C = {
						CreatedOnToolsVersion = 8.3.2;
						DevelopmentTeam = U7GTT2L3T4;
						ProvisioningStyle = Automatic;
					};
				};
			};
			buildConfigurationList = 172EDC561EE7C4B30060C33C /* Build configuration list for PBXProject "CrossGuide" */;
			compatibilityVersion = "Xcode 3.2";
			developmentRegion = English;
			hasScannedForEncodings = 0;
			knownRegions = (
				en,
				Base,
			);
			mainGroup = 172EDC521EE7C4B30060C33C;
			productRefGroup = 172EDC5C1EE7C4B30060C33C /* Products */;
			projectDirPath = "";
			projectRoot = "";
			targets = (
				172EDC5A1EE7C4B30060C33C /* CrossGuide */,
			);
		};
/* End PBXProject section */

/* Begin PBXResourcesBuildPhase section */
		172EDC591EE7C4B30060C33C /* Resources */ = {
			isa = PBXResourcesBuildPhase;
			buildActionMask = 2147483647;
			files = (
				BF02BCB41EEDA12000330C2B /* landscape in Resources */,
				172EDC691EE7C4B30060C33C /* LaunchScreen.storyboard in Resources */,
				BF02BCB21EED8A3700330C2B /* portrait in Resources */,
				172EDC661EE7C4B30060C33C /* Assets.xcassets in Resources */,
				172EDC641EE7C4B30060C33C /* Main.storyboard in Resources */,
			);
			runOnlyForDeploymentPostprocessing = 0;
		};
/* End PBXResourcesBuildPhase section */

/* Begin PBXSourcesBuildPhase section */
		172EDC571EE7C4B30060C33C /* Sources */ = {
			isa = PBXSourcesBuildPhase;
			buildActionMask = 2147483647;
			files = (
				D001E0C61EEA3A7300F466E5 /* AdjustService.swift in Sources */,
				172EDC901EE7C9F60060C33C /* Shaders.metal in Sources */,
				172EDC8D1EE7C9F60060C33C /* CrossGuideNet.swift in Sources */,
				D001E0CA1EEA50C500F466E5 /* SettingViewController.swift in Sources */,
				172EDC8C1EE7C9F60060C33C /* Convolution.swift in Sources */,
				172EDC8B1EE7C9F60060C33C /* BatchNorm.swift in Sources */,
				172EDC611EE7C4B30060C33C /* ViewController.swift in Sources */,
				172EDC5F1EE7C4B30060C33C /* AppDelegate.swift in Sources */,
				172EDC8F1EE7C9F60060C33C /* IO.swift in Sources */,
				BF6AF6A21EE8555E00E5A8AC /* Dense.swift in Sources */,
				172EDC911EE7C9F60060C33C /* UpscaleAdd.swift in Sources */,
				172EDC8E1EE7C9F60060C33C /* Helper.swift in Sources */,
				D001E0C81EEA3ACA00F466E5 /* SpeechService.swift in Sources */,
			);
			runOnlyForDeploymentPostprocessing = 0;
		};
/* End PBXSourcesBuildPhase section */

/* Begin PBXVariantGroup section */
		172EDC621EE7C4B30060C33C /* Main.storyboard */ = {
			isa = PBXVariantGroup;
			children = (
				172EDC631EE7C4B30060C33C /* Base */,
			);
			name = Main.storyboard;
			sourceTree = "<group>";
		};
		172EDC671EE7C4B30060C33C /* LaunchScreen.storyboard */ = {
			isa = PBXVariantGroup;
			children = (
				172EDC681EE7C4B30060C33C /* Base */,
			);
			name = LaunchScreen.storyboard;
			sourceTree = "<group>";
		};
/* End PBXVariantGroup section */

/* Begin XCBuildConfiguration section */
		172EDC6B1EE7C4B30060C33C /* Debug */ = {
			isa = XCBuildConfiguration;
			buildSettings = {
				ALWAYS_SEARCH_USER_PATHS = NO;
				CLANG_ANALYZER_NONNULL = YES;
				CLANG_ANALYZER_NUMBER_OBJECT_CONVERSION = YES_AGGRESSIVE;
				CLANG_CXX_LANGUAGE_STANDARD = "gnu++0x";
				CLANG_CXX_LIBRARY = "libc++";
				CLANG_ENABLE_MODULES = YES;
				CLANG_ENABLE_OBJC_ARC = YES;
				CLANG_WARN_BOOL_CONVERSION = YES;
				CLANG_WARN_CONSTANT_CONVERSION = YES;
				CLANG_WARN_DIRECT_OBJC_ISA_USAGE = YES_ERROR;
				CLANG_WARN_DOCUMENTATION_COMMENTS = YES;
				CLANG_WARN_EMPTY_BODY = YES;
				CLANG_WARN_ENUM_CONVERSION = YES;
				CLANG_WARN_INFINITE_RECURSION = YES;
				CLANG_WARN_INT_CONVERSION = YES;
				CLANG_WARN_OBJC_ROOT_CLASS = YES_ERROR;
				CLANG_WARN_SUSPICIOUS_MOVE = YES;
				CLANG_WARN_UNREACHABLE_CODE = YES;
				CLANG_WARN__DUPLICATE_METHOD_MATCH = YES;
				"CODE_SIGN_IDENTITY[sdk=iphoneos*]" = "iPhone Developer";
				COPY_PHASE_STRIP = NO;
				DEBUG_INFORMATION_FORMAT = dwarf;
				ENABLE_STRICT_OBJC_MSGSEND = YES;
				ENABLE_TESTABILITY = YES;
				GCC_C_LANGUAGE_STANDARD = gnu99;
				GCC_DYNAMIC_NO_PIC = NO;
				GCC_NO_COMMON_BLOCKS = YES;
				GCC_OPTIMIZATION_LEVEL = 0;
				GCC_PREPROCESSOR_DEFINITIONS = (
					"DEBUG=1",
					"$(inherited)",
				);
				GCC_WARN_64_TO_32_BIT_CONVERSION = YES;
				GCC_WARN_ABOUT_RETURN_TYPE = YES_ERROR;
				GCC_WARN_UNDECLARED_SELECTOR = YES;
				GCC_WARN_UNINITIALIZED_AUTOS = YES_AGGRESSIVE;
				GCC_WARN_UNUSED_FUNCTION = YES;
				GCC_WARN_UNUSED_VARIABLE = YES;
				IPHONEOS_DEPLOYMENT_TARGET = 10.3;
				MTL_ENABLE_DEBUG_INFO = YES;
				ONLY_ACTIVE_ARCH = YES;
				SDKROOT = iphoneos;
				SWIFT_ACTIVE_COMPILATION_CONDITIONS = DEBUG;
				SWIFT_OPTIMIZATION_LEVEL = "-Onone";
			};
			name = Debug;
		};
		172EDC6C1EE7C4B30060C33C /* Release */ = {
			isa = XCBuildConfiguration;
			buildSettings = {
				ALWAYS_SEARCH_USER_PATHS = NO;
				CLANG_ANALYZER_NONNULL = YES;
				CLANG_ANALYZER_NUMBER_OBJECT_CONVERSION = YES_AGGRESSIVE;
				CLANG_CXX_LANGUAGE_STANDARD = "gnu++0x";
				CLANG_CXX_LIBRARY = "libc++";
				CLANG_ENABLE_MODULES = YES;
				CLANG_ENABLE_OBJC_ARC = YES;
				CLANG_WARN_BOOL_CONVERSION = YES;
				CLANG_WARN_CONSTANT_CONVERSION = YES;
				CLANG_WARN_DIRECT_OBJC_ISA_USAGE = YES_ERROR;
				CLANG_WARN_DOCUMENTATION_COMMENTS = YES;
				CLANG_WARN_EMPTY_BODY = YES;
				CLANG_WARN_ENUM_CONVERSION = YES;
				CLANG_WARN_INFINITE_RECURSION = YES;
				CLANG_WARN_INT_CONVERSION = YES;
				CLANG_WARN_OBJC_ROOT_CLASS = YES_ERROR;
				CLANG_WARN_SUSPICIOUS_MOVE = YES;
				CLANG_WARN_UNREACHABLE_CODE = YES;
				CLANG_WARN__DUPLICATE_METHOD_MATCH = YES;
				"CODE_SIGN_IDENTITY[sdk=iphoneos*]" = "iPhone Developer";
				COPY_PHASE_STRIP = NO;
				DEBUG_INFORMATION_FORMAT = "dwarf-with-dsym";
				ENABLE_NS_ASSERTIONS = NO;
				ENABLE_STRICT_OBJC_MSGSEND = YES;
				GCC_C_LANGUAGE_STANDARD = gnu99;
				GCC_NO_COMMON_BLOCKS = YES;
				GCC_WARN_64_TO_32_BIT_CONVERSION = YES;
				GCC_WARN_ABOUT_RETURN_TYPE = YES_ERROR;
				GCC_WARN_UNDECLARED_SELECTOR = YES;
				GCC_WARN_UNINITIALIZED_AUTOS = YES_AGGRESSIVE;
				GCC_WARN_UNUSED_FUNCTION = YES;
				GCC_WARN_UNUSED_VARIABLE = YES;
				IPHONEOS_DEPLOYMENT_TARGET = 10.3;
				MTL_ENABLE_DEBUG_INFO = NO;
				SDKROOT = iphoneos;
				SWIFT_OPTIMIZATION_LEVEL = "-Owholemodule";
				VALIDATE_PRODUCT = YES;
			};
			name = Release;
		};
		172EDC6E1EE7C4B30060C33C /* Debug */ = {
			isa = XCBuildConfiguration;
			buildSettings = {
				ASSETCATALOG_COMPILER_APPICON_NAME = AppIcon;
				"CODE_SIGN_IDENTITY[sdk=iphoneos*]" = "iPhone Developer";
				DEVELOPMENT_TEAM = U7GTT2L3T4;
				INFOPLIST_FILE = CrossGuide/Info.plist;
				LD_RUNPATH_SEARCH_PATHS = "$(inherited) @executable_path/Frameworks";
				PRODUCT_BUNDLE_IDENTIFIER = iossocket.CrossGuide;
				PRODUCT_NAME = "$(TARGET_NAME)";
				PROVISIONING_PROFILE = "";
				PROVISIONING_PROFILE_SPECIFIER = "";
				SWIFT_VERSION = 3.0;
			};
			name = Debug;
		};
		172EDC6F1EE7C4B30060C33C /* Release */ = {
			isa = XCBuildConfiguration;
			buildSettings = {
				ASSETCATALOG_COMPILER_APPICON_NAME = AppIcon;
				"CODE_SIGN_IDENTITY[sdk=iphoneos*]" = "iPhone Developer";
				DEVELOPMENT_TEAM = U7GTT2L3T4;
				INFOPLIST_FILE = CrossGuide/Info.plist;
				LD_RUNPATH_SEARCH_PATHS = "$(inherited) @executable_path/Frameworks";
				PRODUCT_BUNDLE_IDENTIFIER = iossocket.CrossGuide;
				PRODUCT_NAME = "$(TARGET_NAME)";
				PROVISIONING_PROFILE = "";
				PROVISIONING_PROFILE_SPECIFIER = "";
				SWIFT_VERSION = 3.0;
			};
			name = Release;
		};
/* End XCBuildConfiguration section */

/* Begin XCConfigurationList section */
		172EDC561EE7C4B30060C33C /* Build configuration list for PBXProject "CrossGuide" */ = {
			isa = XCConfigurationList;
			buildConfigurations = (
				172EDC6B1EE7C4B30060C33C /* Debug */,
				172EDC6C1EE7C4B30060C33C /* Release */,
			);
			defaultConfigurationIsVisible = 0;
			defaultConfigurationName = Release;
		};
		172EDC6D1EE7C4B30060C33C /* Build configuration list for PBXNativeTarget "CrossGuide" */ = {
			isa = XCConfigurationList;
			buildConfigurations = (
				172EDC6E1EE7C4B30060C33C /* Debug */,
				172EDC6F1EE7C4B30060C33C /* Release */,
			);
			defaultConfigurationIsVisible = 0;
			defaultConfigurationName = Release;
		};
/* End XCConfigurationList section */
	};
	rootObject = 172EDC531EE7C4B30060C33C /* Project object */;
}
